
Microsoft Visual Studio Solution File, Format Version 12.00
# Visual Studio Version 17
VisualStudioVersion = 17.1.32407.343
MinimumVisualStudioVersion = 10.0.40219.1
Project("{FAE04EC0-301F-11D3-BF4B-00C04F79EFBC}") = "wip", "wip\wip.csproj", "{EB91E48C-7D60-4441-860C-8033885DD07B}"
EndProject
Global
	GlobalSection(SolutionConfigurationPlatforms) = preSolution
		Debug|Any CPU = Debug|Any CPU
		Release|Any CPU = Release|Any CPU
	EndGlobalSection
	GlobalSection(ProjectConfigurationPlatforms) = postSolution
		{EB91E48C-7D60-4441-860C-8033885DD07B}.Debug|Any CPU.ActiveCfg = Debug|Any CPU
		{EB91E48C-7D60-4441-860C-8033885DD07B}.Debug|Any CPU.Build.0 = Debug|Any CPU
		{EB91E48C-7D60-4441-860C-8033885DD07B}.Release|Any CPU.ActiveCfg = Release|Any CPU
		{EB91E48C-7D60-4441-860C-8033885DD07B}.Release|Any CPU.Build.0 = Release|Any CPU
	EndGlobalSection
	GlobalSection(SolutionProperties) = preSolution
		HideSolutionNode = FALSE
	EndGlobalSection
	GlobalSection(ExtensibilityGlobals) = postSolution
		SolutionGuid = {E158B28D-630B-433A-BA84-C8B3E9DF5DC6}
	EndGlobalSection
EndGlobal
